
Microsoft Visual Studio Solution File, Format Version 12.00
# Visual Studio Version 16
VisualStudioVersion = 16.0.31624.102
MinimumVisualStudioVersion = 10.0.40219.1
Project("{2150E333-8FDC-42A3-9474-1A3956D46DE8}") = "src", "src", "{9C7B4789-4C89-4451-B4F2-CB1E15CFCE3F}"
EndProject
Project("{2150E333-8FDC-42A3-9474-1A3956D46DE8}") = "docs", "docs", "{DFF6422A-1B27-4076-AE6F-B8F76963490C}"
EndProject
Project("{2150E333-8FDC-42A3-9474-1A3956D46DE8}") = "tests", "tests", "{E72AB582-A40F-41A2-A857-9B577687CA48}"
EndProject
Project("{2150E333-8FDC-42A3-9474-1A3956D46DE8}") = "Application", "Application", "{FADCE030-EC2D-40ED-96FF-E543AE35559D}"
EndProject
Project("{2150E333-8FDC-42A3-9474-1A3956D46DE8}") = "Domain", "Domain", "{697DB490-07CB-444C-9B88-19F87E6F7484}"
EndProject
Project("{2150E333-8FDC-42A3-9474-1A3956D46DE8}") = "Infrastructure", "Infrastructure", "{4B761867-F015-4A47-A348-820DCD84C2BE}"
EndProject
Project("{2150E333-8FDC-42A3-9474-1A3956D46DE8}") = "WebUI", "WebUI", "{ABCAC80C-0770-49FD-8B32-1439E562FEEA}"
EndProject
Project("{FAE04EC0-301F-11D3-BF4B-00C04F79EFBC}") = "Application", "Application\Application.csproj", "{CA6B24B6-D836-49ED-AA27-274E6CC6F973}"
EndProject
Project("{FAE04EC0-301F-11D3-BF4B-00C04F79EFBC}") = "Domain", "Domain\Domain.csproj", "{302112B3-766A-4904-B65E-E54F2BD45530}"
EndProject
Project("{FAE04EC0-301F-11D3-BF4B-00C04F79EFBC}") = "Infrastructure", "Infrastructure\Infrastructure.csproj", "{75DE1411-48AD-4C69-BF1C-A223EBAFAAA7}"
EndProject
Project("{FAE04EC0-301F-11D3-BF4B-00C04F79EFBC}") = "Persistence", "Persistence\Persistence.csproj", "{078FDA68-AA89-4EC8-997C-31A4525F018C}"
EndProject
Project("{FAE04EC0-301F-11D3-BF4B-00C04F79EFBC}") = "WebUI", "WebUI\WebUI.csproj", "{041F3840-978A-4016-91E3-B0C2687381FB}"
EndProject
Project("{FAE04EC0-301F-11D3-BF4B-00C04F79EFBC}") = "OpenSourceIdeasApp.Tests", "OpenSourceIdeasApp.Tests\OpenSourceIdeasApp.Tests.csproj", "{C1F4957F-5A61-4577-B2BD-E25FB3FF8600}"
EndProject
Global
	GlobalSection(SolutionConfigurationPlatforms) = preSolution
		Debug|Any CPU = Debug|Any CPU
		Release|Any CPU = Release|Any CPU
	EndGlobalSection
	GlobalSection(ProjectConfigurationPlatforms) = postSolution
		{CA6B24B6-D836-49ED-AA27-274E6CC6F973}.Debug|Any CPU.ActiveCfg = Debug|Any CPU
		{CA6B24B6-D836-49ED-AA27-274E6CC6F973}.Debug|Any CPU.Build.0 = Debug|Any CPU
		{CA6B24B6-D836-49ED-AA27-274E6CC6F973}.Release|Any CPU.ActiveCfg = Release|Any CPU
		{CA6B24B6-D836-49ED-AA27-274E6CC6F973}.Release|Any CPU.Build.0 = Release|Any CPU
		{302112B3-766A-4904-B65E-E54F2BD45530}.Debug|Any CPU.ActiveCfg = Debug|Any CPU
		{302112B3-766A-4904-B65E-E54F2BD45530}.Debug|Any CPU.Build.0 = Debug|Any CPU
		{302112B3-766A-4904-B65E-E54F2BD45530}.Release|Any CPU.ActiveCfg = Release|Any CPU
		{302112B3-766A-4904-B65E-E54F2BD45530}.Release|Any CPU.Build.0 = Release|Any CPU
		{75DE1411-48AD-4C69-BF1C-A223EBAFAAA7}.Debug|Any CPU.ActiveCfg = Debug|Any CPU
		{75DE1411-48AD-4C69-BF1C-A223EBAFAAA7}.Debug|Any CPU.Build.0 = Debug|Any CPU
		{75DE1411-48AD-4C69-BF1C-A223EBAFAAA7}.Release|Any CPU.ActiveCfg = Release|Any CPU
		{75DE1411-48AD-4C69-BF1C-A223EBAFAAA7}.Release|Any CPU.Build.0 = Release|Any CPU
		{078FDA68-AA89-4EC8-997C-31A4525F018C}.Debug|Any CPU.ActiveCfg = Debug|Any CPU
		{078FDA68-AA89-4EC8-997C-31A4525F018C}.Debug|Any CPU.Build.0 = Debug|Any CPU
		{078FDA68-AA89-4EC8-997C-31A4525F018C}.Release|Any CPU.ActiveCfg = Release|Any CPU
		{078FDA68-AA89-4EC8-997C-31A4525F018C}.Release|Any CPU.Build.0 = Release|Any CPU
		{041F3840-978A-4016-91E3-B0C2687381FB}.Debug|Any CPU.ActiveCfg = Debug|Any CPU
		{041F3840-978A-4016-91E3-B0C2687381FB}.Debug|Any CPU.Build.0 = Debug|Any CPU
		{041F3840-978A-4016-91E3-B0C2687381FB}.Release|Any CPU.ActiveCfg = Release|Any CPU
		{041F3840-978A-4016-91E3-B0C2687381FB}.Release|Any CPU.Build.0 = Release|Any CPU
		{C1F4957F-5A61-4577-B2BD-E25FB3FF8600}.Debug|Any CPU.ActiveCfg = Debug|Any CPU
		{C1F4957F-5A61-4577-B2BD-E25FB3FF8600}.Debug|Any CPU.Build.0 = Debug|Any CPU
		{C1F4957F-5A61-4577-B2BD-E25FB3FF8600}.Release|Any CPU.ActiveCfg = Release|Any CPU
		{C1F4957F-5A61-4577-B2BD-E25FB3FF8600}.Release|Any CPU.Build.0 = Release|Any CPU
	EndGlobalSection
	GlobalSection(SolutionProperties) = preSolution
		HideSolutionNode = FALSE
	EndGlobalSection
	GlobalSection(NestedProjects) = preSolution
		{FADCE030-EC2D-40ED-96FF-E543AE35559D} = {9C7B4789-4C89-4451-B4F2-CB1E15CFCE3F}
		{697DB490-07CB-444C-9B88-19F87E6F7484} = {9C7B4789-4C89-4451-B4F2-CB1E15CFCE3F}
		{4B761867-F015-4A47-A348-820DCD84C2BE} = {9C7B4789-4C89-4451-B4F2-CB1E15CFCE3F}
		{ABCAC80C-0770-49FD-8B32-1439E562FEEA} = {9C7B4789-4C89-4451-B4F2-CB1E15CFCE3F}
		{CA6B24B6-D836-49ED-AA27-274E6CC6F973} = {FADCE030-EC2D-40ED-96FF-E543AE35559D}
		{302112B3-766A-4904-B65E-E54F2BD45530} = {697DB490-07CB-444C-9B88-19F87E6F7484}
		{75DE1411-48AD-4C69-BF1C-A223EBAFAAA7} = {4B761867-F015-4A47-A348-820DCD84C2BE}
		{078FDA68-AA89-4EC8-997C-31A4525F018C} = {4B761867-F015-4A47-A348-820DCD84C2BE}
		{041F3840-978A-4016-91E3-B0C2687381FB} = {ABCAC80C-0770-49FD-8B32-1439E562FEEA}
		{C1F4957F-5A61-4577-B2BD-E25FB3FF8600} = {E72AB582-A40F-41A2-A857-9B577687CA48}
	EndGlobalSection
	GlobalSection(ExtensibilityGlobals) = postSolution
		SolutionGuid = {2DC638B4-A5AE-484C-9A1B-6804D7942E84}
	EndGlobalSection
EndGlobal
